// !$*UTF8*$!
{
	archiveVersion = 1;
	classes = {
	};
	objectVersion = 46;
	objects = {

/* Begin PBXBuildFile section */
		8A080B9A1E9340D7001815E1 /* Draft.swift in Sources */ = {isa = PBXBuildFile; fileRef = 8A080B991E9340D7001815E1 /* Draft.swift */; };
		8A0EB8E21E901C0F00EF2BCE /* API.swift in Sources */ = {isa = PBXBuildFile; fileRef = 8A0EB8E11E901C0F00EF2BCE /* API.swift */; };
		8A25E4C41E8B41E7005D4940 /* MainWindowController.swift in Sources */ = {isa = PBXBuildFile; fileRef = 8A25E4C31E8B41E7005D4940 /* MainWindowController.swift */; };
		8A25E4C71E8B46FC005D4940 /* PlayerDetailViewController.swift in Sources */ = {isa = PBXBuildFile; fileRef = 8A25E4C51E8B46FC005D4940 /* PlayerDetailViewController.swift */; };
		8A25E4CE1E8B4BB6005D4940 /* PlayerCollectionViewItem.swift in Sources */ = {isa = PBXBuildFile; fileRef = 8A25E4CC1E8B4BB6005D4940 /* PlayerCollectionViewItem.swift */; };
		8A25E4CF1E8B4BB6005D4940 /* PlayerCollectionViewItem.xib in Resources */ = {isa = PBXBuildFile; fileRef = 8A25E4CD1E8B4BB6005D4940 /* PlayerCollectionViewItem.xib */; };
		8A2809321EAEE6FD00631321 /* DraftPickCollectionViewItem.swift in Sources */ = {isa = PBXBuildFile; fileRef = 8A2809311EAEE6FD00631321 /* DraftPickCollectionViewItem.swift */; };
		8A2809341EAEE79300631321 /* DraftPickCollectionViewItem.xib in Resources */ = {isa = PBXBuildFile; fileRef = 8A2809331EAEE79300631321 /* DraftPickCollectionViewItem.xib */; };
		8A2F1EF11E90289300F44AF8 /* Extensions.swift in Sources */ = {isa = PBXBuildFile; fileRef = 8A2F1EF01E90289300F44AF8 /* Extensions.swift */; };
		8A75658E1E8A05300023C781 /* OutlineViewController.swift in Sources */ = {isa = PBXBuildFile; fileRef = 8A75658D1E8A05300023C781 /* OutlineViewController.swift */; };
		8A7565901E8A0C180023C781 /* Player.swift in Sources */ = {isa = PBXBuildFile; fileRef = 8A75658F1E8A0C180023C781 /* Player.swift */; };
		8A7565921E8A0C2D0023C781 /* Team.swift in Sources */ = {isa = PBXBuildFile; fileRef = 8A7565911E8A0C2D0023C781 /* Team.swift */; };
		8A7565971E8A121B0023C781 /* ItemListCollectionViewController.swift in Sources */ = {isa = PBXBuildFile; fileRef = 8A7565961E8A121B0023C781 /* ItemListCollectionViewController.swift */; };
		8AA1636D1F31742D000EF12B /* BaseCollectionViewItem.swift in Sources */ = {isa = PBXBuildFile; fileRef = 8AA1636C1F31742D000EF12B /* BaseCollectionViewItem.swift */; };
		8AA74BA41E971B4200D721BA /* PlayerDetailView.swift in Sources */ = {isa = PBXBuildFile; fileRef = 8AA74BA31E971B4200D721BA /* PlayerDetailView.swift */; };
		8AC017891E8C96DA008BB81C /* Roster.swift in Sources */ = {isa = PBXBuildFile; fileRef = 8AC017881E8C96DA008BB81C /* Roster.swift */; };
		8AC0178C1E8CAE75008BB81C /* TeamCollectionViewItem.swift in Sources */ = {isa = PBXBuildFile; fileRef = 8AC0178A1E8CAE75008BB81C /* TeamCollectionViewItem.swift */; };
		8AC0178D1E8CAE75008BB81C /* TeamCollectionViewItem.xib in Resources */ = {isa = PBXBuildFile; fileRef = 8AC0178B1E8CAE75008BB81C /* TeamCollectionViewItem.xib */; };
		8AC449091E919A35000ACDB1 /* NumberFormatter.swift in Sources */ = {isa = PBXBuildFile; fileRef = 8AC449081E919A35000ACDB1 /* NumberFormatter.swift */; };
		8AC4490B1E91AADC000ACDB1 /* PlayerTextField.swift in Sources */ = {isa = PBXBuildFile; fileRef = 8AC4490A1E91AADC000ACDB1 /* PlayerTextField.swift */; };
		8AD2513B1E995F7E0035693D /* Contract.swift in Sources */ = {isa = PBXBuildFile; fileRef = 8AD2513A1E995F7E0035693D /* Contract.swift */; };
		8AF242681E94A06A00908FF7 /* Injury.swift in Sources */ = {isa = PBXBuildFile; fileRef = 8AF242671E94A06A00908FF7 /* Injury.swift */; };
		8AF5B3701E89F23B00D2048F /* AppDelegate.swift in Sources */ = {isa = PBXBuildFile; fileRef = 8AF5B36F1E89F23B00D2048F /* AppDelegate.swift */; };
		8AF5B3741E89F23B00D2048F /* Assets.xcassets in Resources */ = {isa = PBXBuildFile; fileRef = 8AF5B3731E89F23B00D2048F /* Assets.xcassets */; };
		8AF5B3771E89F23B00D2048F /* Main.storyboard in Resources */ = {isa = PBXBuildFile; fileRef = 8AF5B3751E89F23B00D2048F /* Main.storyboard */; };
		CA04FFCB1F3387AB003BBD4E /* TeamDetailViewController.swift in Sources */ = {isa = PBXBuildFile; fileRef = CA04FFCA1F3387AB003BBD4E /* TeamDetailViewController.swift */; };
		CA04FFCD1F339AC9003BBD4E /* TeamDetailView.swift in Sources */ = {isa = PBXBuildFile; fileRef = CA04FFCC1F339AC9003BBD4E /* TeamDetailView.swift */; };
		CA0E92DC1F32245B00002D8C /* Ratings.swift in Sources */ = {isa = PBXBuildFile; fileRef = CA0E92DB1F32245B00002D8C /* Ratings.swift */; };
		CA0E92DE1F32374B00002D8C /* LabelTextFieldGroupView.swift in Sources */ = {isa = PBXBuildFile; fileRef = CA0E92DD1F32374B00002D8C /* LabelTextFieldGroupView.swift */; };
/* End PBXBuildFile section */

/* Begin PBXFileReference section */
		8A080B991E9340D7001815E1 /* Draft.swift */ = {isa = PBXFileReference; fileEncoding = 4; lastKnownFileType = sourcecode.swift; path = Draft.swift; sourceTree = "<group>"; };
		8A0EB8E11E901C0F00EF2BCE /* API.swift */ = {isa = PBXFileReference; fileEncoding = 4; lastKnownFileType = sourcecode.swift; path = API.swift; sourceTree = "<group>"; };
		8A25E4C31E8B41E7005D4940 /* MainWindowController.swift */ = {isa = PBXFileReference; fileEncoding = 4; lastKnownFileType = sourcecode.swift; path = MainWindowController.swift; sourceTree = "<group>"; };
		8A25E4C51E8B46FC005D4940 /* PlayerDetailViewController.swift */ = {isa = PBXFileReference; fileEncoding = 4; lastKnownFileType = sourcecode.swift; path = PlayerDetailViewController.swift; sourceTree = "<group>"; usesTabs = 1; };
		8A25E4CC1E8B4BB6005D4940 /* PlayerCollectionViewItem.swift */ = {isa = PBXFileReference; fileEncoding = 4; lastKnownFileType = sourcecode.swift; path = PlayerCollectionViewItem.swift; sourceTree = "<group>"; };
		8A25E4CD1E8B4BB6005D4940 /* PlayerCollectionViewItem.xib */ = {isa = PBXFileReference; fileEncoding = 4; lastKnownFileType = file.xib; path = PlayerCollectionViewItem.xib; sourceTree = "<group>"; };
		8A2809311EAEE6FD00631321 /* DraftPickCollectionViewItem.swift */ = {isa = PBXFileReference; fileEncoding = 4; lastKnownFileType = sourcecode.swift; path = DraftPickCollectionViewItem.swift; sourceTree = "<group>"; };
		8A2809331EAEE79300631321 /* DraftPickCollectionViewItem.xib */ = {isa = PBXFileReference; fileEncoding = 4; lastKnownFileType = file.xib; path = DraftPickCollectionViewItem.xib; sourceTree = "<group>"; };
		8A2F1EF01E90289300F44AF8 /* Extensions.swift */ = {isa = PBXFileReference; fileEncoding = 4; lastKnownFileType = sourcecode.swift; path = Extensions.swift; sourceTree = "<group>"; };
		8A75658D1E8A05300023C781 /* OutlineViewController.swift */ = {isa = PBXFileReference; fileEncoding = 4; lastKnownFileType = sourcecode.swift; path = OutlineViewController.swift; sourceTree = "<group>"; };
		8A75658F1E8A0C180023C781 /* Player.swift */ = {isa = PBXFileReference; fileEncoding = 4; lastKnownFileType = sourcecode.swift; path = Player.swift; sourceTree = "<group>"; };
		8A7565911E8A0C2D0023C781 /* Team.swift */ = {isa = PBXFileReference; fileEncoding = 4; lastKnownFileType = sourcecode.swift; path = Team.swift; sourceTree = "<group>"; };
		8A7565961E8A121B0023C781 /* ItemListCollectionViewController.swift */ = {isa = PBXFileReference; fileEncoding = 4; lastKnownFileType = sourcecode.swift; path = ItemListCollectionViewController.swift; sourceTree = "<group>"; usesTabs = 1; };
		8AA1636C1F31742D000EF12B /* BaseCollectionViewItem.swift */ = {isa = PBXFileReference; lastKnownFileType = sourcecode.swift; path = BaseCollectionViewItem.swift; sourceTree = "<group>"; };
		8AA74BA31E971B4200D721BA /* PlayerDetailView.swift */ = {isa = PBXFileReference; fileEncoding = 4; lastKnownFileType = sourcecode.swift; path = PlayerDetailView.swift; sourceTree = "<group>"; };
		8AC017881E8C96DA008BB81C /* Roster.swift */ = {isa = PBXFileReference; fileEncoding = 4; lastKnownFileType = sourcecode.swift; path = Roster.swift; sourceTree = "<group>"; };
		8AC0178A1E8CAE75008BB81C /* TeamCollectionViewItem.swift */ = {isa = PBXFileReference; fileEncoding = 4; lastKnownFileType = sourcecode.swift; path = TeamCollectionViewItem.swift; sourceTree = "<group>"; };
		8AC0178B1E8CAE75008BB81C /* TeamCollectionViewItem.xib */ = {isa = PBXFileReference; fileEncoding = 4; lastKnownFileType = file.xib; path = TeamCollectionViewItem.xib; sourceTree = "<group>"; };
		8AC449081E919A35000ACDB1 /* NumberFormatter.swift */ = {isa = PBXFileReference; fileEncoding = 4; lastKnownFileType = sourcecode.swift; path = NumberFormatter.swift; sourceTree = "<group>"; };
		8AC4490A1E91AADC000ACDB1 /* PlayerTextField.swift */ = {isa = PBXFileReference; fileEncoding = 4; lastKnownFileType = sourcecode.swift; path = PlayerTextField.swift; sourceTree = "<group>"; };
		8AD2513A1E995F7E0035693D /* Contract.swift */ = {isa = PBXFileReference; fileEncoding = 4; lastKnownFileType = sourcecode.swift; path = Contract.swift; sourceTree = "<group>"; };
		8AF242671E94A06A00908FF7 /* Injury.swift */ = {isa = PBXFileReference; fileEncoding = 4; lastKnownFileType = sourcecode.swift; path = Injury.swift; sourceTree = "<group>"; };
		8AF5B36C1E89F23B00D2048F /* BasketballGM Roster Creator.app */ = {isa = PBXFileReference; explicitFileType = wrapper.application; includeInIndex = 0; path = "BasketballGM Roster Creator.app"; sourceTree = BUILT_PRODUCTS_DIR; };
		8AF5B36F1E89F23B00D2048F /* AppDelegate.swift */ = {isa = PBXFileReference; lastKnownFileType = sourcecode.swift; path = AppDelegate.swift; sourceTree = "<group>"; };
		8AF5B3731E89F23B00D2048F /* Assets.xcassets */ = {isa = PBXFileReference; lastKnownFileType = folder.assetcatalog; path = Assets.xcassets; sourceTree = "<group>"; };
		8AF5B3761E89F23B00D2048F /* Base */ = {isa = PBXFileReference; lastKnownFileType = file.storyboard; name = Base; path = Base.lproj/Main.storyboard; sourceTree = "<group>"; };
		8AF5B3781E89F23B00D2048F /* Info.plist */ = {isa = PBXFileReference; lastKnownFileType = text.plist.xml; path = Info.plist; sourceTree = "<group>"; };
		CA04FFCA1F3387AB003BBD4E /* TeamDetailViewController.swift */ = {isa = PBXFileReference; lastKnownFileType = sourcecode.swift; path = TeamDetailViewController.swift; sourceTree = "<group>"; };
		CA04FFCC1F339AC9003BBD4E /* TeamDetailView.swift */ = {isa = PBXFileReference; lastKnownFileType = sourcecode.swift; path = TeamDetailView.swift; sourceTree = "<group>"; };
		CA0E92DB1F32245B00002D8C /* Ratings.swift */ = {isa = PBXFileReference; lastKnownFileType = sourcecode.swift; path = Ratings.swift; sourceTree = "<group>"; };
		CA0E92DD1F32374B00002D8C /* LabelTextFieldGroupView.swift */ = {isa = PBXFileReference; lastKnownFileType = sourcecode.swift; path = LabelTextFieldGroupView.swift; sourceTree = "<group>"; };
/* End PBXFileReference section */

/* Begin PBXFrameworksBuildPhase section */
		8AF5B3691E89F23B00D2048F /* Frameworks */ = {
			isa = PBXFrameworksBuildPhase;
			buildActionMask = 2147483647;
			files = (
			);
			runOnlyForDeploymentPostprocessing = 0;
		};
/* End PBXFrameworksBuildPhase section */

/* Begin PBXGroup section */
		8A0EB8E01E901BFE00EF2BCE /* Utils */ = {
			isa = PBXGroup;
			children = (
				8A0EB8E11E901C0F00EF2BCE /* API.swift */,
				8A2F1EF01E90289300F44AF8 /* Extensions.swift */,
				8AC449081E919A35000ACDB1 /* NumberFormatter.swift */,
			);
			name = Utils;
			sourceTree = "<group>";
		};
		8A25E4C91E8B47A1005D4940 /* View Controllers */ = {
			isa = PBXGroup;
			children = (
				8A25E4C31E8B41E7005D4940 /* MainWindowController.swift */,
				8A75658D1E8A05300023C781 /* OutlineViewController.swift */,
				8A7565961E8A121B0023C781 /* ItemListCollectionViewController.swift */,
				8A25E4C51E8B46FC005D4940 /* PlayerDetailViewController.swift */,
				CA04FFCA1F3387AB003BBD4E /* TeamDetailViewController.swift */,
			);
			name = "View Controllers";
			sourceTree = "<group>";
		};
		8A25E4CA1E8B47DF005D4940 /* Assets */ = {
			isa = PBXGroup;
			children = (
				8AF5B3731E89F23B00D2048F /* Assets.xcassets */,
			);
			name = Assets;
			sourceTree = "<group>";
		};
		8A25E4CB1E8B47E6005D4940 /* Storyboards */ = {
			isa = PBXGroup;
			children = (
				8AF5B3751E89F23B00D2048F /* Main.storyboard */,
			);
			name = Storyboards;
			sourceTree = "<group>";
		};
		8A35E6F91E8B540100686996 /* Views */ = {
			isa = PBXGroup;
			children = (
				8AA1636B1F317419000EF12B /* Collection View Items */,
				8AC4490A1E91AADC000ACDB1 /* PlayerTextField.swift */,
				CA0E92DD1F32374B00002D8C /* LabelTextFieldGroupView.swift */,
				8AA74BA31E971B4200D721BA /* PlayerDetailView.swift */,
				CA04FFCC1F339AC9003BBD4E /* TeamDetailView.swift */,
			);
			name = Views;
			sourceTree = "<group>";
		};
		8A7565951E8A11620023C781 /* Models */ = {
			isa = PBXGroup;
			children = (
				8AC017881E8C96DA008BB81C /* Roster.swift */,
				8A7565911E8A0C2D0023C781 /* Team.swift */,
				8AD2513C1E995FC80035693D /* Player */,
			);
			name = Models;
			sourceTree = "<group>";
		};
		8AA1636B1F317419000EF12B /* Collection View Items */ = {
			isa = PBXGroup;
			children = (
				8AA1636C1F31742D000EF12B /* BaseCollectionViewItem.swift */,
				8A25E4CC1E8B4BB6005D4940 /* PlayerCollectionViewItem.swift */,
				8A25E4CD1E8B4BB6005D4940 /* PlayerCollectionViewItem.xib */,
				8AC0178A1E8CAE75008BB81C /* TeamCollectionViewItem.swift */,
				8AC0178B1E8CAE75008BB81C /* TeamCollectionViewItem.xib */,
				8A2809311EAEE6FD00631321 /* DraftPickCollectionViewItem.swift */,
				8A2809331EAEE79300631321 /* DraftPickCollectionViewItem.xib */,
			);
			name = "Collection View Items";
			sourceTree = "<group>";
		};
		8AD2513C1E995FC80035693D /* Player */ = {
			isa = PBXGroup;
			children = (
				8A75658F1E8A0C180023C781 /* Player.swift */,
				CA0E92DB1F32245B00002D8C /* Ratings.swift */,
				8A080B991E9340D7001815E1 /* Draft.swift */,
				8AF242671E94A06A00908FF7 /* Injury.swift */,
				8AD2513A1E995F7E0035693D /* Contract.swift */,
			);
			name = Player;
			sourceTree = "<group>";
		};
		8AF5B3631E89F23B00D2048F = {
			isa = PBXGroup;
			children = (
				8AF5B36E1E89F23B00D2048F /* BasketballGM Roster Creator */,
				8AF5B36D1E89F23B00D2048F /* Products */,
			);
			sourceTree = "<group>";
			usesTabs = 1;
		};
		8AF5B36D1E89F23B00D2048F /* Products */ = {
			isa = PBXGroup;
			children = (
				8AF5B36C1E89F23B00D2048F /* BasketballGM Roster Creator.app */,
			);
			name = Products;
			sourceTree = "<group>";
		};
		8AF5B36E1E89F23B00D2048F /* BasketballGM Roster Creator */ = {
			isa = PBXGroup;
			children = (
				8AF5B36F1E89F23B00D2048F /* AppDelegate.swift */,
				8A25E4CA1E8B47DF005D4940 /* Assets */,
				8A25E4CB1E8B47E6005D4940 /* Storyboards */,
				8A0EB8E01E901BFE00EF2BCE /* Utils */,
				8A7565951E8A11620023C781 /* Models */,
				8A25E4C91E8B47A1005D4940 /* View Controllers */,
				8A35E6F91E8B540100686996 /* Views */,
				8AF5B3781E89F23B00D2048F /* Info.plist */,
			);
			path = "BasketballGM Roster Creator";
			sourceTree = "<group>";
		};
/* End PBXGroup section */

/* Begin PBXNativeTarget section */
		8AF5B36B1E89F23B00D2048F /* BasketballGM Roster Creator */ = {
			isa = PBXNativeTarget;
			buildConfigurationList = 8AF5B37B1E89F23B00D2048F /* Build configuration list for PBXNativeTarget "BasketballGM Roster Creator" */;
			buildPhases = (
				8AF5B3681E89F23B00D2048F /* Sources */,
				8AF5B3691E89F23B00D2048F /* Frameworks */,
				8AF5B36A1E89F23B00D2048F /* Resources */,
				8A2F1EF21E904C8700F44AF8 /* ShellScript */,
			);
			buildRules = (
			);
			dependencies = (
			);
			name = "BasketballGM Roster Creator";
			productName = "BasketballGM Roster Creator";
			productReference = 8AF5B36C1E89F23B00D2048F /* BasketballGM Roster Creator.app */;
			productType = "com.apple.product-type.application";
		};
/* End PBXNativeTarget section */

/* Begin PBXProject section */
		8AF5B3641E89F23B00D2048F /* Project object */ = {
			isa = PBXProject;
			attributes = {
				LastSwiftUpdateCheck = 0830;
				LastUpgradeCheck = 0900;
				ORGANIZATIONNAME = "Jeff Moran";
				TargetAttributes = {
					8AF5B36B1E89F23B00D2048F = {
						CreatedOnToolsVersion = 8.3;
						DevelopmentTeam = TR5WFN5468;
						ProvisioningStyle = Automatic;
					};
				};
			};
			buildConfigurationList = 8AF5B3671E89F23B00D2048F /* Build configuration list for PBXProject "BasketballGM Roster Creator" */;
			compatibilityVersion = "Xcode 3.2";
			developmentRegion = English;
			hasScannedForEncodings = 0;
			knownRegions = (
				en,
				Base,
			);
			mainGroup = 8AF5B3631E89F23B00D2048F;
			productRefGroup = 8AF5B36D1E89F23B00D2048F /* Products */;
			projectDirPath = "";
			projectRoot = "";
			targets = (
				8AF5B36B1E89F23B00D2048F /* BasketballGM Roster Creator */,
			);
		};
/* End PBXProject section */

/* Begin PBXResourcesBuildPhase section */
		8AF5B36A1E89F23B00D2048F /* Resources */ = {
			isa = PBXResourcesBuildPhase;
			buildActionMask = 2147483647;
			files = (
				8AC0178D1E8CAE75008BB81C /* TeamCollectionViewItem.xib in Resources */,
				8AF5B3741E89F23B00D2048F /* Assets.xcassets in Resources */,
				8AF5B3771E89F23B00D2048F /* Main.storyboard in Resources */,
				8A2809341EAEE79300631321 /* DraftPickCollectionViewItem.xib in Resources */,
				8A25E4CF1E8B4BB6005D4940 /* PlayerCollectionViewItem.xib in Resources */,
			);
			runOnlyForDeploymentPostprocessing = 0;
		};
/* End PBXResourcesBuildPhase section */

/* Begin PBXShellScriptBuildPhase section */
		8A2F1EF21E904C8700F44AF8 /* ShellScript */ = {
			isa = PBXShellScriptBuildPhase;
			buildActionMask = 2147483647;
			files = (
			);
			inputPaths = (
			);
			outputPaths = (
			);
			runOnlyForDeploymentPostprocessing = 0;
			shellPath = /bin/sh;
			shellScript = "if which swiftlint >/dev/null; then\nswiftlint\nelse\necho \"warning: SwiftLint not installed, download from https://github.com/realm/SwiftLint\"\nfi";
		};
/* End PBXShellScriptBuildPhase section */

/* Begin PBXSourcesBuildPhase section */
		8AF5B3681E89F23B00D2048F /* Sources */ = {
			isa = PBXSourcesBuildPhase;
			buildActionMask = 2147483647;
			files = (
				8A080B9A1E9340D7001815E1 /* Draft.swift in Sources */,
				8A0EB8E21E901C0F00EF2BCE /* API.swift in Sources */,
				8A7565971E8A121B0023C781 /* ItemListCollectionViewController.swift in Sources */,
				8A7565901E8A0C180023C781 /* Player.swift in Sources */,
				8A75658E1E8A05300023C781 /* OutlineViewController.swift in Sources */,
				8A25E4C71E8B46FC005D4940 /* PlayerDetailViewController.swift in Sources */,
				8AC0178C1E8CAE75008BB81C /* TeamCollectionViewItem.swift in Sources */,
				8A25E4CE1E8B4BB6005D4940 /* PlayerCollectionViewItem.swift in Sources */,
				8AF242681E94A06A00908FF7 /* Injury.swift in Sources */,
				8A2F1EF11E90289300F44AF8 /* Extensions.swift in Sources */,
				8AA74BA41E971B4200D721BA /* PlayerDetailView.swift in Sources */,
				8A2809321EAEE6FD00631321 /* DraftPickCollectionViewItem.swift in Sources */,
				CA04FFCD1F339AC9003BBD4E /* TeamDetailView.swift in Sources */,
				8AA1636D1F31742D000EF12B /* BaseCollectionViewItem.swift in Sources */,
				CA0E92DC1F32245B00002D8C /* Ratings.swift in Sources */,
				8AC4490B1E91AADC000ACDB1 /* PlayerTextField.swift in Sources */,
				CA04FFCB1F3387AB003BBD4E /* TeamDetailViewController.swift in Sources */,
				8A7565921E8A0C2D0023C781 /* Team.swift in Sources */,
				8AF5B3701E89F23B00D2048F /* AppDelegate.swift in Sources */,
				CA0E92DE1F32374B00002D8C /* LabelTextFieldGroupView.swift in Sources */,
				8AC449091E919A35000ACDB1 /* NumberFormatter.swift in Sources */,
				8AD2513B1E995F7E0035693D /* Contract.swift in Sources */,
				8A25E4C41E8B41E7005D4940 /* MainWindowController.swift in Sources */,
				8AC017891E8C96DA008BB81C /* Roster.swift in Sources */,
			);
			runOnlyForDeploymentPostprocessing = 0;
		};
/* End PBXSourcesBuildPhase section */

/* Begin PBXVariantGroup section */
		8AF5B3751E89F23B00D2048F /* Main.storyboard */ = {
			isa = PBXVariantGroup;
			children = (
				8AF5B3761E89F23B00D2048F /* Base */,
			);
			name = Main.storyboard;
			sourceTree = "<group>";
		};
/* End PBXVariantGroup section */

/* Begin XCBuildConfiguration section */
		8AF5B3791E89F23B00D2048F /* Debug */ = {
			isa = XCBuildConfiguration;
			buildSettings = {
				ALWAYS_SEARCH_USER_PATHS = NO;
				CLANG_ANALYZER_NONNULL = YES;
				CLANG_ANALYZER_NUMBER_OBJECT_CONVERSION = YES_AGGRESSIVE;
				CLANG_CXX_LANGUAGE_STANDARD = "gnu++0x";
				CLANG_CXX_LIBRARY = "libc++";
				CLANG_ENABLE_MODULES = YES;
				CLANG_ENABLE_OBJC_ARC = YES;
				CLANG_WARN_BLOCK_CAPTURE_AUTORELEASING = YES;
				CLANG_WARN_BOOL_CONVERSION = YES;
				CLANG_WARN_COMMA = YES;
				CLANG_WARN_CONSTANT_CONVERSION = YES;
				CLANG_WARN_DIRECT_OBJC_ISA_USAGE = YES_ERROR;
				CLANG_WARN_DOCUMENTATION_COMMENTS = YES;
				CLANG_WARN_EMPTY_BODY = YES;
				CLANG_WARN_ENUM_CONVERSION = YES;
				CLANG_WARN_INFINITE_RECURSION = YES;
				CLANG_WARN_INT_CONVERSION = YES;
				CLANG_WARN_NON_LITERAL_NULL_CONVERSION = YES;
				CLANG_WARN_OBJC_LITERAL_CONVERSION = YES;
				CLANG_WARN_OBJC_ROOT_CLASS = YES_ERROR;
				CLANG_WARN_RANGE_LOOP_ANALYSIS = YES;
				CLANG_WARN_STRICT_PROTOTYPES = YES;
				CLANG_WARN_SUSPICIOUS_MOVE = YES;
				CLANG_WARN_UNREACHABLE_CODE = YES;
				CLANG_WARN__DUPLICATE_METHOD_MATCH = YES;
				CODE_SIGN_IDENTITY = "-";
				COPY_PHASE_STRIP = NO;
				DEBUG_INFORMATION_FORMAT = dwarf;
				ENABLE_STRICT_OBJC_MSGSEND = YES;
				ENABLE_TESTABILITY = YES;
				GCC_C_LANGUAGE_STANDARD = gnu99;
				GCC_DYNAMIC_NO_PIC = NO;
				GCC_NO_COMMON_BLOCKS = YES;
				GCC_OPTIMIZATION_LEVEL = 0;
				GCC_PREPROCESSOR_DEFINITIONS = (
					"DEBUG=1",
					"$(inherited)",
				);
				GCC_WARN_64_TO_32_BIT_CONVERSION = YES;
				GCC_WARN_ABOUT_RETURN_TYPE = YES_ERROR;
				GCC_WARN_UNDECLARED_SELECTOR = YES;
				GCC_WARN_UNINITIALIZED_AUTOS = YES_AGGRESSIVE;
				GCC_WARN_UNUSED_FUNCTION = YES;
				GCC_WARN_UNUSED_VARIABLE = YES;
				MACOSX_DEPLOYMENT_TARGET = 10.12;
				MTL_ENABLE_DEBUG_INFO = YES;
				ONLY_ACTIVE_ARCH = YES;
				SDKROOT = macosx;
				SWIFT_ACTIVE_COMPILATION_CONDITIONS = DEBUG;
				SWIFT_OPTIMIZATION_LEVEL = "-Onone";
			};
			name = Debug;
		};
		8AF5B37A1E89F23B00D2048F /* Release */ = {
			isa = XCBuildConfiguration;
			buildSettings = {
				ALWAYS_SEARCH_USER_PATHS = NO;
				CLANG_ANALYZER_NONNULL = YES;
				CLANG_ANALYZER_NUMBER_OBJECT_CONVERSION = YES_AGGRESSIVE;
				CLANG_CXX_LANGUAGE_STANDARD = "gnu++0x";
				CLANG_CXX_LIBRARY = "libc++";
				CLANG_ENABLE_MODULES = YES;
				CLANG_ENABLE_OBJC_ARC = YES;
				CLANG_WARN_BLOCK_CAPTURE_AUTORELEASING = YES;
				CLANG_WARN_BOOL_CONVERSION = YES;
				CLANG_WARN_COMMA = YES;
				CLANG_WARN_CONSTANT_CONVERSION = YES;
				CLANG_WARN_DIRECT_OBJC_ISA_USAGE = YES_ERROR;
				CLANG_WARN_DOCUMENTATION_COMMENTS = YES;
				CLANG_WARN_EMPTY_BODY = YES;
				CLANG_WARN_ENUM_CONVERSION = YES;
				CLANG_WARN_INFINITE_RECURSION = YES;
				CLANG_WARN_INT_CONVERSION = YES;
				CLANG_WARN_NON_LITERAL_NULL_CONVERSION = YES;
				CLANG_WARN_OBJC_LITERAL_CONVERSION = YES;
				CLANG_WARN_OBJC_ROOT_CLASS = YES_ERROR;
				CLANG_WARN_RANGE_LOOP_ANALYSIS = YES;
				CLANG_WARN_STRICT_PROTOTYPES = YES;
				CLANG_WARN_SUSPICIOUS_MOVE = YES;
				CLANG_WARN_UNREACHABLE_CODE = YES;
				CLANG_WARN__DUPLICATE_METHOD_MATCH = YES;
				CODE_SIGN_IDENTITY = "-";
				COPY_PHASE_STRIP = NO;
				DEBUG_INFORMATION_FORMAT = "dwarf-with-dsym";
				ENABLE_NS_ASSERTIONS = NO;
				ENABLE_STRICT_OBJC_MSGSEND = YES;
				GCC_C_LANGUAGE_STANDARD = gnu99;
				GCC_NO_COMMON_BLOCKS = YES;
				GCC_WARN_64_TO_32_BIT_CONVERSION = YES;
				GCC_WARN_ABOUT_RETURN_TYPE = YES_ERROR;
				GCC_WARN_UNDECLARED_SELECTOR = YES;
				GCC_WARN_UNINITIALIZED_AUTOS = YES_AGGRESSIVE;
				GCC_WARN_UNUSED_FUNCTION = YES;
				GCC_WARN_UNUSED_VARIABLE = YES;
				MACOSX_DEPLOYMENT_TARGET = 10.12;
				MTL_ENABLE_DEBUG_INFO = NO;
				SDKROOT = macosx;
				SWIFT_OPTIMIZATION_LEVEL = "-Owholemodule";
			};
			name = Release;
		};
		8AF5B37C1E89F23B00D2048F /* Debug */ = {
			isa = XCBuildConfiguration;
			buildSettings = {
				ASSETCATALOG_COMPILER_APPICON_NAME = AppIcon;
				COMBINE_HIDPI_IMAGES = YES;
				DEVELOPMENT_TEAM = TR5WFN5468;
				INFOPLIST_FILE = "BasketballGM Roster Creator/Info.plist";
				LD_RUNPATH_SEARCH_PATHS = "$(inherited) @executable_path/../Frameworks";
				PRODUCT_BUNDLE_IDENTIFIER = "com.jeffmoran.BasketballGM-Roster-Creator";
				PRODUCT_NAME = "$(TARGET_NAME)";
				SWIFT_SWIFT3_OBJC_INFERENCE = On;
				SWIFT_VERSION = 4.0;
			};
			name = Debug;
		};
		8AF5B37D1E89F23B00D2048F /* Release */ = {
			isa = XCBuildConfiguration;
			buildSettings = {
				ASSETCATALOG_COMPILER_APPICON_NAME = AppIcon;
				COMBINE_HIDPI_IMAGES = YES;
				DEVELOPMENT_TEAM = TR5WFN5468;
				INFOPLIST_FILE = "BasketballGM Roster Creator/Info.plist";
				LD_RUNPATH_SEARCH_PATHS = "$(inherited) @executable_path/../Frameworks";
				PRODUCT_BUNDLE_IDENTIFIER = "com.jeffmoran.BasketballGM-Roster-Creator";
				PRODUCT_NAME = "$(TARGET_NAME)";
				SWIFT_SWIFT3_OBJC_INFERENCE = On;
				SWIFT_VERSION = 4.0;
			};
			name = Release;
		};
/* End XCBuildConfiguration section */

/* Begin XCConfigurationList section */
		8AF5B3671E89F23B00D2048F /* Build configuration list for PBXProject "BasketballGM Roster Creator" */ = {
			isa = XCConfigurationList;
			buildConfigurations = (
				8AF5B3791E89F23B00D2048F /* Debug */,
				8AF5B37A1E89F23B00D2048F /* Release */,
			);
			defaultConfigurationIsVisible = 0;
			defaultConfigurationName = Release;
		};
		8AF5B37B1E89F23B00D2048F /* Build configuration list for PBXNativeTarget "BasketballGM Roster Creator" */ = {
			isa = XCConfigurationList;
			buildConfigurations = (
				8AF5B37C1E89F23B00D2048F /* Debug */,
				8AF5B37D1E89F23B00D2048F /* Release */,
			);
			defaultConfigurationIsVisible = 0;
			defaultConfigurationName = Release;
		};
/* End XCConfigurationList section */
	};
	rootObject = 8AF5B3641E89F23B00D2048F /* Project object */;
}
